
Microsoft Visual Studio Solution File, Format Version 12.00
# Visual Studio 15
VisualStudioVersion = 15.0.27703.2018
MinimumVisualStudioVersion = 10.0.40219.1
Project("{FAE04EC0-301F-11D3-BF4B-00C04F79EFBC}") = "wpf_demo_databinding", "wpf_demo_databinding\wpf_demo_databinding.csproj", "{773E34C2-DDD0-4EDE-ADC1-C8BF4C3487B5}"
EndProject
Project("{FAE04EC0-301F-11D3-BF4B-00C04F79EFBC}") = "wpf_demo_updateSourceTrigger", "wpf_demo_updateSourceTrigger\wpf_demo_updateSourceTrigger.csproj", "{25954406-77B4-4911-A31E-1222142A9C2C}"
EndProject
Project("{FAE04EC0-301F-11D3-BF4B-00C04F79EFBC}") = "wpf_demo_observableCollection_noWork", "wpf_demo_observableCollection_noWork\wpf_demo_observableCollection_noWork.csproj", "{4F976308-61D4-4EC2-A42C-9687C7F6EA40}"
EndProject
Project("{FAE04EC0-301F-11D3-BF4B-00C04F79EFBC}") = "wpf_demo_observableCollection", "wpf_demo_observableCollection\wpf_demo_observableCollection.csproj", "{5D0D8DE6-76A6-460F-AD7A-6153F6A4B72A}"
EndProject
Global
	GlobalSection(SolutionConfigurationPlatforms) = preSolution
		Debug|Any CPU = Debug|Any CPU
		Release|Any CPU = Release|Any CPU
	EndGlobalSection
	GlobalSection(ProjectConfigurationPlatforms) = postSolution
		{773E34C2-DDD0-4EDE-ADC1-C8BF4C3487B5}.Debug|Any CPU.ActiveCfg = Debug|Any CPU
		{773E34C2-DDD0-4EDE-ADC1-C8BF4C3487B5}.Debug|Any CPU.Build.0 = Debug|Any CPU
		{773E34C2-DDD0-4EDE-ADC1-C8BF4C3487B5}.Release|Any CPU.ActiveCfg = Release|Any CPU
		{773E34C2-DDD0-4EDE-ADC1-C8BF4C3487B5}.Release|Any CPU.Build.0 = Release|Any CPU
		{25954406-77B4-4911-A31E-1222142A9C2C}.Debug|Any CPU.ActiveCfg = Debug|Any CPU
		{25954406-77B4-4911-A31E-1222142A9C2C}.Debug|Any CPU.Build.0 = Debug|Any CPU
		{25954406-77B4-4911-A31E-1222142A9C2C}.Release|Any CPU.ActiveCfg = Release|Any CPU
		{25954406-77B4-4911-A31E-1222142A9C2C}.Release|Any CPU.Build.0 = Release|Any CPU
		{4F976308-61D4-4EC2-A42C-9687C7F6EA40}.Debug|Any CPU.ActiveCfg = Debug|Any CPU
		{4F976308-61D4-4EC2-A42C-9687C7F6EA40}.Debug|Any CPU.Build.0 = Debug|Any CPU
		{4F976308-61D4-4EC2-A42C-9687C7F6EA40}.Release|Any CPU.ActiveCfg = Release|Any CPU
		{4F976308-61D4-4EC2-A42C-9687C7F6EA40}.Release|Any CPU.Build.0 = Release|Any CPU
		{5D0D8DE6-76A6-460F-AD7A-6153F6A4B72A}.Debug|Any CPU.ActiveCfg = Debug|Any CPU
		{5D0D8DE6-76A6-460F-AD7A-6153F6A4B72A}.Debug|Any CPU.Build.0 = Debug|Any CPU
		{5D0D8DE6-76A6-460F-AD7A-6153F6A4B72A}.Release|Any CPU.ActiveCfg = Release|Any CPU
		{5D0D8DE6-76A6-460F-AD7A-6153F6A4B72A}.Release|Any CPU.Build.0 = Release|Any CPU
	EndGlobalSection
	GlobalSection(SolutionProperties) = preSolution
		HideSolutionNode = FALSE
	EndGlobalSection
	GlobalSection(ExtensibilityGlobals) = postSolution
		SolutionGuid = {B3C68C38-3312-4E32-BBC0-5F7B0FB59186}
	EndGlobalSection
EndGlobal
